// !$*UTF8*$!
{
	archiveVersion = 1;
	classes = {
	};
	objectVersion = 50;
	objects = {

/* Begin PBXBuildFile section */
		B227DF6F22F2E708008744AD /* PickerViewDataSource.swift in Sources */ = {isa = PBXBuildFile; fileRef = B227DF6E22F2E708008744AD /* PickerViewDataSource.swift */; };
		B27218E622DB464B004598C5 /* Main.storyboard in Resources */ = {isa = PBXBuildFile; fileRef = B27218E422DB464B004598C5 /* Main.storyboard */; };
		B27218E822DB464D004598C5 /* Assets.xcassets in Resources */ = {isa = PBXBuildFile; fileRef = B27218E722DB464D004598C5 /* Assets.xcassets */; };
		B27218EB22DB464D004598C5 /* LaunchScreen.storyboard in Resources */ = {isa = PBXBuildFile; fileRef = B27218E922DB464D004598C5 /* LaunchScreen.storyboard */; };
		B27218F622DB464D004598C5 /* PhotoBlendingTests.swift in Sources */ = {isa = PBXBuildFile; fileRef = B27218F522DB464D004598C5 /* PhotoBlendingTests.swift */; };
		B272190122DB464D004598C5 /* PhotoBlendingUITests.swift in Sources */ = {isa = PBXBuildFile; fileRef = B272190022DB464D004598C5 /* PhotoBlendingUITests.swift */; };
		B2BFCF1D22F2D67D00EE99BB /* AppDelegate.swift in Sources */ = {isa = PBXBuildFile; fileRef = B27218E022DB464B004598C5 /* AppDelegate.swift */; };
		B2BFCF1E22F2D67D00EE99BB /* ViewController.swift in Sources */ = {isa = PBXBuildFile; fileRef = B27218E222DB464B004598C5 /* ViewController.swift */; };
		B2BFCF1F22F2D67D00EE99BB /* BlendingViewController.swift in Sources */ = {isa = PBXBuildFile; fileRef = B25E999D22E47821001DBC7E /* BlendingViewController.swift */; };
		B2BFCF2022F2D67D00EE99BB /* BlendingMetalViewController.swift in Sources */ = {isa = PBXBuildFile; fileRef = B25E99A122E48DD5001DBC7E /* BlendingMetalViewController.swift */; };
		B2BFCF2122F2D67D00EE99BB /* MetalRenderer.swift in Sources */ = {isa = PBXBuildFile; fileRef = B2D9ECB922E7264F0094B66B /* MetalRenderer.swift */; };
		B2BFCF2222F2D67D00EE99BB /* MetalFactory.swift in Sources */ = {isa = PBXBuildFile; fileRef = B25C946222F1A52E0035B616 /* MetalFactory.swift */; };
		B2BFCF2322F2D67D00EE99BB /* blending.metal in Sources */ = {isa = PBXBuildFile; fileRef = B25C945F22F19FCB0035B616 /* blending.metal */; };
		B2BFCF2522F2D67D00EE99BB /* Blending.swift in Sources */ = {isa = PBXBuildFile; fileRef = B25C946422F1A8260035B616 /* Blending.swift */; };
		B2BFCF2722F2D7B000EE99BB /* shader.metal in Sources */ = {isa = PBXBuildFile; fileRef = B2BFCF2622F2D7B000EE99BB /* shader.metal */; };
/* End PBXBuildFile section */

/* Begin PBXContainerItemProxy section */
		B27218F222DB464D004598C5 /* PBXContainerItemProxy */ = {
			isa = PBXContainerItemProxy;
			containerPortal = B27218D522DB464B004598C5 /* Project object */;
			proxyType = 1;
			remoteGlobalIDString = B27218DC22DB464B004598C5;
			remoteInfo = PhotoBlending;
		};
		B27218FD22DB464D004598C5 /* PBXContainerItemProxy */ = {
			isa = PBXContainerItemProxy;
			containerPortal = B27218D522DB464B004598C5 /* Project object */;
			proxyType = 1;
			remoteGlobalIDString = B27218DC22DB464B004598C5;
			remoteInfo = PhotoBlending;
		};
/* End PBXContainerItemProxy section */

/* Begin PBXFileReference section */
		B227DF6E22F2E708008744AD /* PickerViewDataSource.swift */ = {isa = PBXFileReference; lastKnownFileType = sourcecode.swift; path = PickerViewDataSource.swift; sourceTree = "<group>"; };
		B25C945F22F19FCB0035B616 /* blending.metal */ = {isa = PBXFileReference; lastKnownFileType = sourcecode.metal; path = blending.metal; sourceTree = "<group>"; };
		B25C946122F1A0000035B616 /* blending.h */ = {isa = PBXFileReference; lastKnownFileType = sourcecode.c.h; path = blending.h; sourceTree = "<group>"; };
		B25C946222F1A52E0035B616 /* MetalFactory.swift */ = {isa = PBXFileReference; lastKnownFileType = sourcecode.swift; path = MetalFactory.swift; sourceTree = "<group>"; };
		B25C946422F1A8260035B616 /* Blending.swift */ = {isa = PBXFileReference; lastKnownFileType = sourcecode.swift; path = Blending.swift; sourceTree = "<group>"; };
		B25E999D22E47821001DBC7E /* BlendingViewController.swift */ = {isa = PBXFileReference; lastKnownFileType = sourcecode.swift; path = BlendingViewController.swift; sourceTree = "<group>"; };
		B25E99A122E48DD5001DBC7E /* BlendingMetalViewController.swift */ = {isa = PBXFileReference; lastKnownFileType = sourcecode.swift; path = BlendingMetalViewController.swift; sourceTree = "<group>"; };
		B27218DD22DB464B004598C5 /* PhotoBlending.app */ = {isa = PBXFileReference; explicitFileType = wrapper.application; includeInIndex = 0; path = PhotoBlending.app; sourceTree = BUILT_PRODUCTS_DIR; };
		B27218E022DB464B004598C5 /* AppDelegate.swift */ = {isa = PBXFileReference; lastKnownFileType = sourcecode.swift; path = AppDelegate.swift; sourceTree = "<group>"; };
		B27218E222DB464B004598C5 /* ViewController.swift */ = {isa = PBXFileReference; lastKnownFileType = sourcecode.swift; path = ViewController.swift; sourceTree = "<group>"; };
		B27218E522DB464B004598C5 /* Base */ = {isa = PBXFileReference; lastKnownFileType = file.storyboard; name = Base; path = Base.lproj/Main.storyboard; sourceTree = "<group>"; };
		B27218E722DB464D004598C5 /* Assets.xcassets */ = {isa = PBXFileReference; lastKnownFileType = folder.assetcatalog; path = Assets.xcassets; sourceTree = "<group>"; };
		B27218EA22DB464D004598C5 /* Base */ = {isa = PBXFileReference; lastKnownFileType = file.storyboard; name = Base; path = Base.lproj/LaunchScreen.storyboard; sourceTree = "<group>"; };
		B27218EC22DB464D004598C5 /* Info.plist */ = {isa = PBXFileReference; lastKnownFileType = text.plist.xml; path = Info.plist; sourceTree = "<group>"; };
		B27218F122DB464D004598C5 /* PhotoBlendingTests.xctest */ = {isa = PBXFileReference; explicitFileType = wrapper.cfbundle; includeInIndex = 0; path = PhotoBlendingTests.xctest; sourceTree = BUILT_PRODUCTS_DIR; };
		B27218F522DB464D004598C5 /* PhotoBlendingTests.swift */ = {isa = PBXFileReference; lastKnownFileType = sourcecode.swift; path = PhotoBlendingTests.swift; sourceTree = "<group>"; };
		B27218F722DB464D004598C5 /* Info.plist */ = {isa = PBXFileReference; lastKnownFileType = text.plist.xml; path = Info.plist; sourceTree = "<group>"; };
		B27218FC22DB464D004598C5 /* PhotoBlendingUITests.xctest */ = {isa = PBXFileReference; explicitFileType = wrapper.cfbundle; includeInIndex = 0; path = PhotoBlendingUITests.xctest; sourceTree = BUILT_PRODUCTS_DIR; };
		B272190022DB464D004598C5 /* PhotoBlendingUITests.swift */ = {isa = PBXFileReference; lastKnownFileType = sourcecode.swift; path = PhotoBlendingUITests.swift; sourceTree = "<group>"; };
		B272190222DB464D004598C5 /* Info.plist */ = {isa = PBXFileReference; lastKnownFileType = text.plist.xml; path = Info.plist; sourceTree = "<group>"; };
		B2BFCF2622F2D7B000EE99BB /* shader.metal */ = {isa = PBXFileReference; fileEncoding = 4; lastKnownFileType = sourcecode.metal; path = shader.metal; sourceTree = "<group>"; };
		B2D9ECB922E7264F0094B66B /* MetalRenderer.swift */ = {isa = PBXFileReference; lastKnownFileType = sourcecode.swift; path = MetalRenderer.swift; sourceTree = "<group>"; };
/* End PBXFileReference section */

/* Begin PBXFrameworksBuildPhase section */
		B27218DA22DB464B004598C5 /* Frameworks */ = {
			isa = PBXFrameworksBuildPhase;
			buildActionMask = 2147483647;
			files = (
			);
			runOnlyForDeploymentPostprocessing = 0;
		};
		B27218EE22DB464D004598C5 /* Frameworks */ = {
			isa = PBXFrameworksBuildPhase;
			buildActionMask = 2147483647;
			files = (
			);
			runOnlyForDeploymentPostprocessing = 0;
		};
		B27218F922DB464D004598C5 /* Frameworks */ = {
			isa = PBXFrameworksBuildPhase;
			buildActionMask = 2147483647;
			files = (
			);
			runOnlyForDeploymentPostprocessing = 0;
		};
/* End PBXFrameworksBuildPhase section */

/* Begin PBXGroup section */
		B227DF7022F2EBB8008744AD /* ViewControllers */ = {
			isa = PBXGroup;
			children = (
				B27218E222DB464B004598C5 /* ViewController.swift */,
				B25E999D22E47821001DBC7E /* BlendingViewController.swift */,
				B25E99A122E48DD5001DBC7E /* BlendingMetalViewController.swift */,
				B227DF6E22F2E708008744AD /* PickerViewDataSource.swift */,
			);
			path = ViewControllers;
			sourceTree = "<group>";
		};
		B227DF7122F2EBD5008744AD /* Views */ = {
			isa = PBXGroup;
			children = (
				B27218E422DB464B004598C5 /* Main.storyboard */,
				B27218E922DB464D004598C5 /* LaunchScreen.storyboard */,
			);
			path = Views;
			sourceTree = "<group>";
		};
		B227DF7222F2EBEF008744AD /* UseCase */ = {
			isa = PBXGroup;
			children = (
				B2D9ECB922E7264F0094B66B /* MetalRenderer.swift */,
				B25C946222F1A52E0035B616 /* MetalFactory.swift */,
				B25C946422F1A8260035B616 /* Blending.swift */,
			);
			path = UseCase;
			sourceTree = "<group>";
		};
		B27218D422DB464B004598C5 = {
			isa = PBXGroup;
			children = (
				B27218DF22DB464B004598C5 /* PhotoBlending */,
				B27218F422DB464D004598C5 /* PhotoBlendingTests */,
				B27218FF22DB464D004598C5 /* PhotoBlendingUITests */,
				B27218DE22DB464B004598C5 /* Products */,
			);
			sourceTree = "<group>";
		};
		B27218DE22DB464B004598C5 /* Products */ = {
			isa = PBXGroup;
			children = (
				B27218DD22DB464B004598C5 /* PhotoBlending.app */,
				B27218F122DB464D004598C5 /* PhotoBlendingTests.xctest */,
				B27218FC22DB464D004598C5 /* PhotoBlendingUITests.xctest */,
			);
			name = Products;
			sourceTree = "<group>";
		};
		B27218DF22DB464B004598C5 /* PhotoBlending */ = {
			isa = PBXGroup;
			children = (
				B27218E022DB464B004598C5 /* AppDelegate.swift */,
				B227DF7022F2EBB8008744AD /* ViewControllers */,
				B227DF7122F2EBD5008744AD /* Views */,
				B227DF7222F2EBEF008744AD /* UseCase */,
				B2BFCF1A22F2CCB500EE99BB /* Shader */,
				B27218E722DB464D004598C5 /* Assets.xcassets */,
				B27218EC22DB464D004598C5 /* Info.plist */,
			);
			path = PhotoBlending;
			sourceTree = "<group>";
		};
		B27218F422DB464D004598C5 /* PhotoBlendingTests */ = {
			isa = PBXGroup;
			children = (
				B27218F522DB464D004598C5 /* PhotoBlendingTests.swift */,
				B27218F722DB464D004598C5 /* Info.plist */,
			);
			path = PhotoBlendingTests;
			sourceTree = "<group>";
		};
		B27218FF22DB464D004598C5 /* PhotoBlendingUITests */ = {
			isa = PBXGroup;
			children = (
				B272190022DB464D004598C5 /* PhotoBlendingUITests.swift */,
				B272190222DB464D004598C5 /* Info.plist */,
			);
			path = PhotoBlendingUITests;
			sourceTree = "<group>";
		};
		B2BFCF1A22F2CCB500EE99BB /* Shader */ = {
			isa = PBXGroup;
			children = (
				B2BFCF2622F2D7B000EE99BB /* shader.metal */,
				B25C945F22F19FCB0035B616 /* blending.metal */,
				B25C946122F1A0000035B616 /* blending.h */,
			);
			path = Shader;
			sourceTree = "<group>";
		};
/* End PBXGroup section */

/* Begin PBXNativeTarget section */
		B27218DC22DB464B004598C5 /* PhotoBlending */ = {
			isa = PBXNativeTarget;
			buildConfigurationList = B272190522DB464D004598C5 /* Build configuration list for PBXNativeTarget "PhotoBlending" */;
			buildPhases = (
				B27218D922DB464B004598C5 /* Sources */,
				B27218DA22DB464B004598C5 /* Frameworks */,
				B27218DB22DB464B004598C5 /* Resources */,
			);
			buildRules = (
			);
			dependencies = (
			);
			name = PhotoBlending;
			productName = PhotoBlending;
			productReference = B27218DD22DB464B004598C5 /* PhotoBlending.app */;
			productType = "com.apple.product-type.application";
		};
		B27218F022DB464D004598C5 /* PhotoBlendingTests */ = {
			isa = PBXNativeTarget;
			buildConfigurationList = B272190822DB464D004598C5 /* Build configuration list for PBXNativeTarget "PhotoBlendingTests" */;
			buildPhases = (
				B27218ED22DB464D004598C5 /* Sources */,
				B27218EE22DB464D004598C5 /* Frameworks */,
				B27218EF22DB464D004598C5 /* Resources */,
			);
			buildRules = (
			);
			dependencies = (
				B27218F322DB464D004598C5 /* PBXTargetDependency */,
			);
			name = PhotoBlendingTests;
			productName = PhotoBlendingTests;
			productReference = B27218F122DB464D004598C5 /* PhotoBlendingTests.xctest */;
			productType = "com.apple.product-type.bundle.unit-test";
		};
		B27218FB22DB464D004598C5 /* PhotoBlendingUITests */ = {
			isa = PBXNativeTarget;
			buildConfigurationList = B272190B22DB464D004598C5 /* Build configuration list for PBXNativeTarget "PhotoBlendingUITests" */;
			buildPhases = (
				B27218F822DB464D004598C5 /* Sources */,
				B27218F922DB464D004598C5 /* Frameworks */,
				B27218FA22DB464D004598C5 /* Resources */,
			);
			buildRules = (
			);
			dependencies = (
				B27218FE22DB464D004598C5 /* PBXTargetDependency */,
			);
			name = PhotoBlendingUITests;
			productName = PhotoBlendingUITests;
			productReference = B27218FC22DB464D004598C5 /* PhotoBlendingUITests.xctest */;
			productType = "com.apple.product-type.bundle.ui-testing";
		};
/* End PBXNativeTarget section */

/* Begin PBXProject section */
		B27218D522DB464B004598C5 /* Project object */ = {
			isa = PBXProject;
			attributes = {
				LastSwiftUpdateCheck = 1020;
				LastUpgradeCheck = 1020;
				ORGANIZATIONNAME = "New User";
				TargetAttributes = {
					B27218DC22DB464B004598C5 = {
						CreatedOnToolsVersion = 10.2.1;
					};
					B27218F022DB464D004598C5 = {
						CreatedOnToolsVersion = 10.2.1;
						TestTargetID = B27218DC22DB464B004598C5;
					};
					B27218FB22DB464D004598C5 = {
						CreatedOnToolsVersion = 10.2.1;
						TestTargetID = B27218DC22DB464B004598C5;
					};
				};
			};
			buildConfigurationList = B27218D822DB464B004598C5 /* Build configuration list for PBXProject "PhotoBlending" */;
			compatibilityVersion = "Xcode 9.3";
			developmentRegion = en;
			hasScannedForEncodings = 0;
			knownRegions = (
				en,
				Base,
			);
			mainGroup = B27218D422DB464B004598C5;
			productRefGroup = B27218DE22DB464B004598C5 /* Products */;
			projectDirPath = "";
			projectRoot = "";
			targets = (
				B27218DC22DB464B004598C5 /* PhotoBlending */,
				B27218F022DB464D004598C5 /* PhotoBlendingTests */,
				B27218FB22DB464D004598C5 /* PhotoBlendingUITests */,
			);
		};
/* End PBXProject section */

/* Begin PBXResourcesBuildPhase section */
		B27218DB22DB464B004598C5 /* Resources */ = {
			isa = PBXResourcesBuildPhase;
			buildActionMask = 2147483647;
			files = (
				B27218EB22DB464D004598C5 /* LaunchScreen.storyboard in Resources */,
				B27218E822DB464D004598C5 /* Assets.xcassets in Resources */,
				B27218E622DB464B004598C5 /* Main.storyboard in Resources */,
			);
			runOnlyForDeploymentPostprocessing = 0;
		};
		B27218EF22DB464D004598C5 /* Resources */ = {
			isa = PBXResourcesBuildPhase;
			buildActionMask = 2147483647;
			files = (
			);
			runOnlyForDeploymentPostprocessing = 0;
		};
		B27218FA22DB464D004598C5 /* Resources */ = {
			isa = PBXResourcesBuildPhase;
			buildActionMask = 2147483647;
			files = (
			);
			runOnlyForDeploymentPostprocessing = 0;
		};
/* End PBXResourcesBuildPhase section */

/* Begin PBXSourcesBuildPhase section */
		B27218D922DB464B004598C5 /* Sources */ = {
			isa = PBXSourcesBuildPhase;
			buildActionMask = 2147483647;
			files = (
				B2BFCF1D22F2D67D00EE99BB /* AppDelegate.swift in Sources */,
				B227DF6F22F2E708008744AD /* PickerViewDataSource.swift in Sources */,
				B2BFCF1E22F2D67D00EE99BB /* ViewController.swift in Sources */,
				B2BFCF1F22F2D67D00EE99BB /* BlendingViewController.swift in Sources */,
				B2BFCF2022F2D67D00EE99BB /* BlendingMetalViewController.swift in Sources */,
				B2BFCF2122F2D67D00EE99BB /* MetalRenderer.swift in Sources */,
				B2BFCF2222F2D67D00EE99BB /* MetalFactory.swift in Sources */,
				B2BFCF2322F2D67D00EE99BB /* blending.metal in Sources */,
				B2BFCF2722F2D7B000EE99BB /* shader.metal in Sources */,
				B2BFCF2522F2D67D00EE99BB /* Blending.swift in Sources */,
			);
			runOnlyForDeploymentPostprocessing = 0;
		};
		B27218ED22DB464D004598C5 /* Sources */ = {
			isa = PBXSourcesBuildPhase;
			buildActionMask = 2147483647;
			files = (
				B27218F622DB464D004598C5 /* PhotoBlendingTests.swift in Sources */,
			);
			runOnlyForDeploymentPostprocessing = 0;
		};
		B27218F822DB464D004598C5 /* Sources */ = {
			isa = PBXSourcesBuildPhase;
			buildActionMask = 2147483647;
			files = (
				B272190122DB464D004598C5 /* PhotoBlendingUITests.swift in Sources */,
			);
			runOnlyForDeploymentPostprocessing = 0;
		};
/* End PBXSourcesBuildPhase section */

/* Begin PBXTargetDependency section */
		B27218F322DB464D004598C5 /* PBXTargetDependency */ = {
			isa = PBXTargetDependency;
			target = B27218DC22DB464B004598C5 /* PhotoBlending */;
			targetProxy = B27218F222DB464D004598C5 /* PBXContainerItemProxy */;
		};
		B27218FE22DB464D004598C5 /* PBXTargetDependency */ = {
			isa = PBXTargetDependency;
			target = B27218DC22DB464B004598C5 /* PhotoBlending */;
			targetProxy = B27218FD22DB464D004598C5 /* PBXContainerItemProxy */;
		};
/* End PBXTargetDependency section */

/* Begin PBXVariantGroup section */
		B27218E422DB464B004598C5 /* Main.storyboard */ = {
			isa = PBXVariantGroup;
			children = (
				B27218E522DB464B004598C5 /* Base */,
			);
			name = Main.storyboard;
			sourceTree = "<group>";
		};
		B27218E922DB464D004598C5 /* LaunchScreen.storyboard */ = {
			isa = PBXVariantGroup;
			children = (
				B27218EA22DB464D004598C5 /* Base */,
			);
			name = LaunchScreen.storyboard;
			sourceTree = "<group>";
		};
/* End PBXVariantGroup section */

/* Begin XCBuildConfiguration section */
		B272190322DB464D004598C5 /* Debug */ = {
			isa = XCBuildConfiguration;
			buildSettings = {
				ALWAYS_SEARCH_USER_PATHS = NO;
				CLANG_ANALYZER_NONNULL = YES;
				CLANG_ANALYZER_NUMBER_OBJECT_CONVERSION = YES_AGGRESSIVE;
				CLANG_CXX_LANGUAGE_STANDARD = "gnu++14";
				CLANG_CXX_LIBRARY = "libc++";
				CLANG_ENABLE_MODULES = YES;
				CLANG_ENABLE_OBJC_ARC = YES;
				CLANG_ENABLE_OBJC_WEAK = YES;
				CLANG_WARN_BLOCK_CAPTURE_AUTORELEASING = YES;
				CLANG_WARN_BOOL_CONVERSION = YES;
				CLANG_WARN_COMMA = YES;
				CLANG_WARN_CONSTANT_CONVERSION = YES;
				CLANG_WARN_DEPRECATED_OBJC_IMPLEMENTATIONS = YES;
				CLANG_WARN_DIRECT_OBJC_ISA_USAGE = YES_ERROR;
				CLANG_WARN_DOCUMENTATION_COMMENTS = YES;
				CLANG_WARN_EMPTY_BODY = YES;
				CLANG_WARN_ENUM_CONVERSION = YES;
				CLANG_WARN_INFINITE_RECURSION = YES;
				CLANG_WARN_INT_CONVERSION = YES;
				CLANG_WARN_NON_LITERAL_NULL_CONVERSION = YES;
				CLANG_WARN_OBJC_IMPLICIT_RETAIN_SELF = YES;
				CLANG_WARN_OBJC_LITERAL_CONVERSION = YES;
				CLANG_WARN_OBJC_ROOT_CLASS = YES_ERROR;
				CLANG_WARN_RANGE_LOOP_ANALYSIS = YES;
				CLANG_WARN_STRICT_PROTOTYPES = YES;
				CLANG_WARN_SUSPICIOUS_MOVE = YES;
				CLANG_WARN_UNGUARDED_AVAILABILITY = YES_AGGRESSIVE;
				CLANG_WARN_UNREACHABLE_CODE = YES;
				CLANG_WARN__DUPLICATE_METHOD_MATCH = YES;
				CODE_SIGN_IDENTITY = "iPhone Developer";
				COPY_PHASE_STRIP = NO;
				DEBUG_INFORMATION_FORMAT = dwarf;
				ENABLE_STRICT_OBJC_MSGSEND = YES;
				ENABLE_TESTABILITY = YES;
				GCC_C_LANGUAGE_STANDARD = gnu11;
				GCC_DYNAMIC_NO_PIC = NO;
				GCC_NO_COMMON_BLOCKS = YES;
				GCC_OPTIMIZATION_LEVEL = 0;
				GCC_PREPROCESSOR_DEFINITIONS = (
					"DEBUG=1",
					"$(inherited)",
				);
				GCC_WARN_64_TO_32_BIT_CONVERSION = YES;
				GCC_WARN_ABOUT_RETURN_TYPE = YES_ERROR;
				GCC_WARN_UNDECLARED_SELECTOR = YES;
				GCC_WARN_UNINITIALIZED_AUTOS = YES_AGGRESSIVE;
				GCC_WARN_UNUSED_FUNCTION = YES;
				GCC_WARN_UNUSED_VARIABLE = YES;
				IPHONEOS_DEPLOYMENT_TARGET = 12.2;
				MTL_ENABLE_DEBUG_INFO = INCLUDE_SOURCE;
				MTL_FAST_MATH = YES;
				ONLY_ACTIVE_ARCH = YES;
				SDKROOT = iphoneos;
				SWIFT_ACTIVE_COMPILATION_CONDITIONS = DEBUG;
				SWIFT_OPTIMIZATION_LEVEL = "-Onone";
			};
			name = Debug;
		};
		B272190422DB464D004598C5 /* Release */ = {
			isa = XCBuildConfiguration;
			buildSettings = {
				ALWAYS_SEARCH_USER_PATHS = NO;
				CLANG_ANALYZER_NONNULL = YES;
				CLANG_ANALYZER_NUMBER_OBJECT_CONVERSION = YES_AGGRESSIVE;
				CLANG_CXX_LANGUAGE_STANDARD = "gnu++14";
				CLANG_CXX_LIBRARY = "libc++";
				CLANG_ENABLE_MODULES = YES;
				CLANG_ENABLE_OBJC_ARC = YES;
				CLANG_ENABLE_OBJC_WEAK = YES;
				CLANG_WARN_BLOCK_CAPTURE_AUTORELEASING = YES;
				CLANG_WARN_BOOL_CONVERSION = YES;
				CLANG_WARN_COMMA = YES;
				CLANG_WARN_CONSTANT_CONVERSION = YES;
				CLANG_WARN_DEPRECATED_OBJC_IMPLEMENTATIONS = YES;
				CLANG_WARN_DIRECT_OBJC_ISA_USAGE = YES_ERROR;
				CLANG_WARN_DOCUMENTATION_COMMENTS = YES;
				CLANG_WARN_EMPTY_BODY = YES;
				CLANG_WARN_ENUM_CONVERSION = YES;
				CLANG_WARN_INFINITE_RECURSION = YES;
				CLANG_WARN_INT_CONVERSION = YES;
				CLANG_WARN_NON_LITERAL_NULL_CONVERSION = YES;
				CLANG_WARN_OBJC_IMPLICIT_RETAIN_SELF = YES;
				CLANG_WARN_OBJC_LITERAL_CONVERSION = YES;
				CLANG_WARN_OBJC_ROOT_CLASS = YES_ERROR;
				CLANG_WARN_RANGE_LOOP_ANALYSIS = YES;
				CLANG_WARN_STRICT_PROTOTYPES = YES;
				CLANG_WARN_SUSPICIOUS_MOVE = YES;
				CLANG_WARN_UNGUARDED_AVAILABILITY = YES_AGGRESSIVE;
				CLANG_WARN_UNREACHABLE_CODE = YES;
				CLANG_WARN__DUPLICATE_METHOD_MATCH = YES;
				CODE_SIGN_IDENTITY = "iPhone Developer";
				COPY_PHASE_STRIP = NO;
				DEBUG_INFORMATION_FORMAT = "dwarf-with-dsym";
				ENABLE_NS_ASSERTIONS = NO;
				ENABLE_STRICT_OBJC_MSGSEND = YES;
				GCC_C_LANGUAGE_STANDARD = gnu11;
				GCC_NO_COMMON_BLOCKS = YES;
				GCC_WARN_64_TO_32_BIT_CONVERSION = YES;
				GCC_WARN_ABOUT_RETURN_TYPE = YES_ERROR;
				GCC_WARN_UNDECLARED_SELECTOR = YES;
				GCC_WARN_UNINITIALIZED_AUTOS = YES_AGGRESSIVE;
				GCC_WARN_UNUSED_FUNCTION = YES;
				GCC_WARN_UNUSED_VARIABLE = YES;
				IPHONEOS_DEPLOYMENT_TARGET = 12.2;
				MTL_ENABLE_DEBUG_INFO = NO;
				MTL_FAST_MATH = YES;
				SDKROOT = iphoneos;
				SWIFT_COMPILATION_MODE = wholemodule;
				SWIFT_OPTIMIZATION_LEVEL = "-O";
				VALIDATE_PRODUCT = YES;
			};
			name = Release;
		};
		B272190622DB464D004598C5 /* Debug */ = {
			isa = XCBuildConfiguration;
			buildSettings = {
				ASSETCATALOG_COMPILER_APPICON_NAME = AppIcon;
				CODE_SIGN_STYLE = Automatic;
				DEVELOPMENT_TEAM = 9GAPXPF2Z5;
				INFOPLIST_FILE = PhotoBlending/Info.plist;
				LD_RUNPATH_SEARCH_PATHS = (
					"$(inherited)",
					"@executable_path/Frameworks",
				);
				PRODUCT_BUNDLE_IDENTIFIER = com.mamunul.PhotoBlending;
				PRODUCT_NAME = "$(TARGET_NAME)";
				SWIFT_VERSION = 5.0;
				TARGETED_DEVICE_FAMILY = "1,2";
			};
			name = Debug;
		};
		B272190722DB464D004598C5 /* Release */ = {
			isa = XCBuildConfiguration;
			buildSettings = {
				ASSETCATALOG_COMPILER_APPICON_NAME = AppIcon;
				CODE_SIGN_STYLE = Automatic;
				DEVELOPMENT_TEAM = 9GAPXPF2Z5;
				INFOPLIST_FILE = PhotoBlending/Info.plist;
				LD_RUNPATH_SEARCH_PATHS = (
					"$(inherited)",
					"@executable_path/Frameworks",
				);
				PRODUCT_BUNDLE_IDENTIFIER = com.mamunul.PhotoBlending;
				PRODUCT_NAME = "$(TARGET_NAME)";
				SWIFT_VERSION = 5.0;
				TARGETED_DEVICE_FAMILY = "1,2";
			};
			name = Release;
		};
		B272190922DB464D004598C5 /* Debug */ = {
			isa = XCBuildConfiguration;
			buildSettings = {
				ALWAYS_EMBED_SWIFT_STANDARD_LIBRARIES = YES;
				BUNDLE_LOADER = "$(TEST_HOST)";
				CODE_SIGN_STYLE = Automatic;
				DEVELOPMENT_TEAM = 9GAPXPF2Z5;
				INFOPLIST_FILE = PhotoBlendingTests/Info.plist;
				LD_RUNPATH_SEARCH_PATHS = (
					"$(inherited)",
					"@executable_path/Frameworks",
					"@loader_path/Frameworks",
				);
				PRODUCT_BUNDLE_IDENTIFIER = com.mamunul.PhotoBlendingTests;
				PRODUCT_NAME = "$(TARGET_NAME)";
				SWIFT_VERSION = 5.0;
				TARGETED_DEVICE_FAMILY = "1,2";
				TEST_HOST = "$(BUILT_PRODUCTS_DIR)/PhotoBlending.app/PhotoBlending";
			};
			name = Debug;
		};
		B272190A22DB464D004598C5 /* Release */ = {
			isa = XCBuildConfiguration;
			buildSettings = {
				ALWAYS_EMBED_SWIFT_STANDARD_LIBRARIES = YES;
				BUNDLE_LOADER = "$(TEST_HOST)";
				CODE_SIGN_STYLE = Automatic;
				DEVELOPMENT_TEAM = 9GAPXPF2Z5;
				INFOPLIST_FILE = PhotoBlendingTests/Info.plist;
				LD_RUNPATH_SEARCH_PATHS = (
					"$(inherited)",
					"@executable_path/Frameworks",
					"@loader_path/Frameworks",
				);
				PRODUCT_BUNDLE_IDENTIFIER = com.mamunul.PhotoBlendingTests;
				PRODUCT_NAME = "$(TARGET_NAME)";
				SWIFT_VERSION = 5.0;
				TARGETED_DEVICE_FAMILY = "1,2";
				TEST_HOST = "$(BUILT_PRODUCTS_DIR)/PhotoBlending.app/PhotoBlending";
			};
			name = Release;
		};
		B272190C22DB464D004598C5 /* Debug */ = {
			isa = XCBuildConfiguration;
			buildSettings = {
				ALWAYS_EMBED_SWIFT_STANDARD_LIBRARIES = YES;
				CODE_SIGN_STYLE = Automatic;
				DEVELOPMENT_TEAM = 9GAPXPF2Z5;
				INFOPLIST_FILE = PhotoBlendingUITests/Info.plist;
				LD_RUNPATH_SEARCH_PATHS = (
					"$(inherited)",
					"@executable_path/Frameworks",
					"@loader_path/Frameworks",
				);
				PRODUCT_BUNDLE_IDENTIFIER = com.mamunul.PhotoBlendingUITests;
				PRODUCT_NAME = "$(TARGET_NAME)";
				SWIFT_VERSION = 5.0;
				TARGETED_DEVICE_FAMILY = "1,2";
				TEST_TARGET_NAME = PhotoBlending;
			};
			name = Debug;
		};
		B272190D22DB464D004598C5 /* Release */ = {
			isa = XCBuildConfiguration;
			buildSettings = {
				ALWAYS_EMBED_SWIFT_STANDARD_LIBRARIES = YES;
				CODE_SIGN_STYLE = Automatic;
				DEVELOPMENT_TEAM = 9GAPXPF2Z5;
				INFOPLIST_FILE = PhotoBlendingUITests/Info.plist;
				LD_RUNPATH_SEARCH_PATHS = (
					"$(inherited)",
					"@executable_path/Frameworks",
					"@loader_path/Frameworks",
				);
				PRODUCT_BUNDLE_IDENTIFIER = com.mamunul.PhotoBlendingUITests;
				PRODUCT_NAME = "$(TARGET_NAME)";
				SWIFT_VERSION = 5.0;
				TARGETED_DEVICE_FAMILY = "1,2";
				TEST_TARGET_NAME = PhotoBlending;
			};
			name = Release;
		};
/* End XCBuildConfiguration section */

/* Begin XCConfigurationList section */
		B27218D822DB464B004598C5 /* Build configuration list for PBXProject "PhotoBlending" */ = {
			isa = XCConfigurationList;
			buildConfigurations = (
				B272190322DB464D004598C5 /* Debug */,
				B272190422DB464D004598C5 /* Release */,
			);
			defaultConfigurationIsVisible = 0;
			defaultConfigurationName = Release;
		};
		B272190522DB464D004598C5 /* Build configuration list for PBXNativeTarget "PhotoBlending" */ = {
			isa = XCConfigurationList;
			buildConfigurations = (
				B272190622DB464D004598C5 /* Debug */,
				B272190722DB464D004598C5 /* Release */,
			);
			defaultConfigurationIsVisible = 0;
			defaultConfigurationName = Release;
		};
		B272190822DB464D004598C5 /* Build configuration list for PBXNativeTarget "PhotoBlendingTests" */ = {
			isa = XCConfigurationList;
			buildConfigurations = (
				B272190922DB464D004598C5 /* Debug */,
				B272190A22DB464D004598C5 /* Release */,
			);
			defaultConfigurationIsVisible = 0;
			defaultConfigurationName = Release;
		};
		B272190B22DB464D004598C5 /* Build configuration list for PBXNativeTarget "PhotoBlendingUITests" */ = {
			isa = XCConfigurationList;
			buildConfigurations = (
				B272190C22DB464D004598C5 /* Debug */,
				B272190D22DB464D004598C5 /* Release */,
			);
			defaultConfigurationIsVisible = 0;
			defaultConfigurationName = Release;
		};
/* End XCConfigurationList section */
	};
	rootObject = B27218D522DB464B004598C5 /* Project object */;
}
